
Microsoft Visual Studio Solution File, Format Version 12.00
# Visual Studio 14
VisualStudioVersion = 14.0.25420.1
MinimumVisualStudioVersion = 10.0.40219.1
Project("{FAE04EC0-301F-11D3-BF4B-00C04F79EFBC}") = "CheckBoxSampleApp", "CheckBoxSampleApp\CheckBoxSampleApp.csproj", "{3454DD68-D649-4F5E-8525-A5B6D5B0A02C}"
EndProject
Project("{FAE04EC0-301F-11D3-BF4B-00C04F79EFBC}") = "CheckBoxSampleApp.UITest", "CheckBoxSampleApp.UITest\CheckBoxSampleApp.UITest.csproj", "{AEB39A3D-D0F9-4EB9-8363-BBF36F5BE762}"
EndProject
Global
	GlobalSection(SolutionConfigurationPlatforms) = preSolution
		Debug|Any CPU = Debug|Any CPU
		Release|Any CPU = Release|Any CPU
	EndGlobalSection
	GlobalSection(ProjectConfigurationPlatforms) = postSolution
		{3454DD68-D649-4F5E-8525-A5B6D5B0A02C}.Debug|Any CPU.ActiveCfg = Debug|Any CPU
		{3454DD68-D649-4F5E-8525-A5B6D5B0A02C}.Debug|Any CPU.Build.0 = Debug|Any CPU
		{3454DD68-D649-4F5E-8525-A5B6D5B0A02C}.Debug|Any CPU.Deploy.0 = Debug|Any CPU
		{3454DD68-D649-4F5E-8525-A5B6D5B0A02C}.Release|Any CPU.ActiveCfg = Release|Any CPU
		{3454DD68-D649-4F5E-8525-A5B6D5B0A02C}.Release|Any CPU.Build.0 = Release|Any CPU
		{3454DD68-D649-4F5E-8525-A5B6D5B0A02C}.Release|Any CPU.Deploy.0 = Release|Any CPU
		{AEB39A3D-D0F9-4EB9-8363-BBF36F5BE762}.Debug|Any CPU.ActiveCfg = Debug|Any CPU
		{AEB39A3D-D0F9-4EB9-8363-BBF36F5BE762}.Debug|Any CPU.Build.0 = Debug|Any CPU
		{AEB39A3D-D0F9-4EB9-8363-BBF36F5BE762}.Release|Any CPU.ActiveCfg = Release|Any CPU
		{AEB39A3D-D0F9-4EB9-8363-BBF36F5BE762}.Release|Any CPU.Build.0 = Release|Any CPU
	EndGlobalSection
	GlobalSection(SolutionProperties) = preSolution
		HideSolutionNode = FALSE
	EndGlobalSection
EndGlobal
