
Microsoft Visual Studio Solution File, Format Version 12.00
# Visual Studio 2012
Project("{FAE04EC0-301F-11D3-BF4B-00C04F79EFBC}") = "WebinarSample", "WebinarSample\WebinarSample.csproj", "{939B39B4-3A32-4643-A78C-CFA46C5C6C5D}"
EndProject
Global
	GlobalSection(SolutionConfigurationPlatforms) = preSolution
		Debug|Any CPU = Debug|Any CPU
		Release|Any CPU = Release|Any CPU
	EndGlobalSection
	GlobalSection(ProjectConfigurationPlatforms) = postSolution
		{939B39B4-3A32-4643-A78C-CFA46C5C6C5D}.Debug|Any CPU.ActiveCfg = Debug|Any CPU
		{939B39B4-3A32-4643-A78C-CFA46C5C6C5D}.Debug|Any CPU.Build.0 = Debug|Any CPU
		{939B39B4-3A32-4643-A78C-CFA46C5C6C5D}.Release|Any CPU.ActiveCfg = Release|Any CPU
		{939B39B4-3A32-4643-A78C-CFA46C5C6C5D}.Release|Any CPU.Build.0 = Release|Any CPU
	EndGlobalSection
EndGlobal
