
Microsoft Visual Studio Solution File, Format Version 12.00
# Visual Studio 2012
Project("{FAE04EC0-301F-11D3-BF4B-00C04F79EFBC}") = "PopUpForms.iOS", "iOS\PopUpForms.iOS.csproj", "{DC659AFF-BD20-4901-96D0-7E4AFB2CE803}"
EndProject
Project("{FAE04EC0-301F-11D3-BF4B-00C04F79EFBC}") = "PopUpForms.Droid", "Droid\PopUpForms.Droid.csproj", "{BF0AE3F6-6863-4927-8D56-5396D9DE3810}"
EndProject
Project("{FAE04EC0-301F-11D3-BF4B-00C04F79EFBC}") = "PCL", "PCL\PCL.csproj", "{69F367C7-BE05-4318-B06C-6B53E802E97C}"
EndProject
Global
	GlobalSection(SolutionConfigurationPlatforms) = preSolution
		Debug|iPhoneSimulator = Debug|iPhoneSimulator
		Release|iPhoneSimulator = Release|iPhoneSimulator
		Debug|iPhone = Debug|iPhone
		Release|iPhone = Release|iPhone
		Ad-Hoc|iPhone = Ad-Hoc|iPhone
		AppStore|iPhone = AppStore|iPhone
		Debug|Any CPU = Debug|Any CPU
		Release|Any CPU = Release|Any CPU
	EndGlobalSection
	GlobalSection(ProjectConfigurationPlatforms) = postSolution
		{69F367C7-BE05-4318-B06C-6B53E802E97C}.Ad-Hoc|iPhone.ActiveCfg = Release|Any CPU
		{69F367C7-BE05-4318-B06C-6B53E802E97C}.Ad-Hoc|iPhone.Build.0 = Release|Any CPU
		{69F367C7-BE05-4318-B06C-6B53E802E97C}.AppStore|iPhone.ActiveCfg = Release|Any CPU
		{69F367C7-BE05-4318-B06C-6B53E802E97C}.AppStore|iPhone.Build.0 = Release|Any CPU
		{69F367C7-BE05-4318-B06C-6B53E802E97C}.Debug|Any CPU.ActiveCfg = Debug|Any CPU
		{69F367C7-BE05-4318-B06C-6B53E802E97C}.Debug|Any CPU.Build.0 = Debug|Any CPU
		{69F367C7-BE05-4318-B06C-6B53E802E97C}.Debug|iPhone.ActiveCfg = Debug|Any CPU
		{69F367C7-BE05-4318-B06C-6B53E802E97C}.Debug|iPhone.Build.0 = Debug|Any CPU
		{69F367C7-BE05-4318-B06C-6B53E802E97C}.Debug|iPhoneSimulator.ActiveCfg = Debug|Any CPU
		{69F367C7-BE05-4318-B06C-6B53E802E97C}.Debug|iPhoneSimulator.Build.0 = Debug|Any CPU
		{69F367C7-BE05-4318-B06C-6B53E802E97C}.Release|Any CPU.ActiveCfg = Release|Any CPU
		{69F367C7-BE05-4318-B06C-6B53E802E97C}.Release|Any CPU.Build.0 = Release|Any CPU
		{69F367C7-BE05-4318-B06C-6B53E802E97C}.Release|iPhone.ActiveCfg = Release|Any CPU
		{69F367C7-BE05-4318-B06C-6B53E802E97C}.Release|iPhone.Build.0 = Release|Any CPU
		{69F367C7-BE05-4318-B06C-6B53E802E97C}.Release|iPhoneSimulator.ActiveCfg = Release|Any CPU
		{69F367C7-BE05-4318-B06C-6B53E802E97C}.Release|iPhoneSimulator.Build.0 = Release|Any CPU
		{BF0AE3F6-6863-4927-8D56-5396D9DE3810}.Ad-Hoc|iPhone.ActiveCfg = Release|Any CPU
		{BF0AE3F6-6863-4927-8D56-5396D9DE3810}.Ad-Hoc|iPhone.Build.0 = Release|Any CPU
		{BF0AE3F6-6863-4927-8D56-5396D9DE3810}.AppStore|iPhone.ActiveCfg = Release|Any CPU
		{BF0AE3F6-6863-4927-8D56-5396D9DE3810}.AppStore|iPhone.Build.0 = Release|Any CPU
		{BF0AE3F6-6863-4927-8D56-5396D9DE3810}.Debug|Any CPU.ActiveCfg = Debug|Any CPU
		{BF0AE3F6-6863-4927-8D56-5396D9DE3810}.Debug|Any CPU.Build.0 = Debug|Any CPU
		{BF0AE3F6-6863-4927-8D56-5396D9DE3810}.Debug|iPhone.ActiveCfg = Debug|Any CPU
		{BF0AE3F6-6863-4927-8D56-5396D9DE3810}.Debug|iPhone.Build.0 = Debug|Any CPU
		{BF0AE3F6-6863-4927-8D56-5396D9DE3810}.Debug|iPhoneSimulator.ActiveCfg = Debug|Any CPU
		{BF0AE3F6-6863-4927-8D56-5396D9DE3810}.Debug|iPhoneSimulator.Build.0 = Debug|Any CPU
		{BF0AE3F6-6863-4927-8D56-5396D9DE3810}.Release|Any CPU.ActiveCfg = Release|Any CPU
		{BF0AE3F6-6863-4927-8D56-5396D9DE3810}.Release|Any CPU.Build.0 = Release|Any CPU
		{BF0AE3F6-6863-4927-8D56-5396D9DE3810}.Release|iPhone.ActiveCfg = Release|Any CPU
		{BF0AE3F6-6863-4927-8D56-5396D9DE3810}.Release|iPhone.Build.0 = Release|Any CPU
		{BF0AE3F6-6863-4927-8D56-5396D9DE3810}.Release|iPhoneSimulator.ActiveCfg = Release|Any CPU
		{BF0AE3F6-6863-4927-8D56-5396D9DE3810}.Release|iPhoneSimulator.Build.0 = Release|Any CPU
		{DC659AFF-BD20-4901-96D0-7E4AFB2CE803}.Ad-Hoc|iPhone.ActiveCfg = Ad-Hoc|iPhone
		{DC659AFF-BD20-4901-96D0-7E4AFB2CE803}.Ad-Hoc|iPhone.Build.0 = Ad-Hoc|iPhone
		{DC659AFF-BD20-4901-96D0-7E4AFB2CE803}.AppStore|iPhone.ActiveCfg = AppStore|iPhone
		{DC659AFF-BD20-4901-96D0-7E4AFB2CE803}.AppStore|iPhone.Build.0 = AppStore|iPhone
		{DC659AFF-BD20-4901-96D0-7E4AFB2CE803}.Debug|Any CPU.ActiveCfg = Debug|iPhoneSimulator
		{DC659AFF-BD20-4901-96D0-7E4AFB2CE803}.Debug|Any CPU.Build.0 = Debug|iPhoneSimulator
		{DC659AFF-BD20-4901-96D0-7E4AFB2CE803}.Debug|iPhone.ActiveCfg = Debug|iPhone
		{DC659AFF-BD20-4901-96D0-7E4AFB2CE803}.Debug|iPhone.Build.0 = Debug|iPhone
		{DC659AFF-BD20-4901-96D0-7E4AFB2CE803}.Debug|iPhoneSimulator.ActiveCfg = Debug|iPhoneSimulator
		{DC659AFF-BD20-4901-96D0-7E4AFB2CE803}.Debug|iPhoneSimulator.Build.0 = Debug|iPhoneSimulator
		{DC659AFF-BD20-4901-96D0-7E4AFB2CE803}.Release|Any CPU.ActiveCfg = Release|iPhoneSimulator
		{DC659AFF-BD20-4901-96D0-7E4AFB2CE803}.Release|Any CPU.Build.0 = Release|iPhoneSimulator
		{DC659AFF-BD20-4901-96D0-7E4AFB2CE803}.Release|iPhone.ActiveCfg = Release|iPhone
		{DC659AFF-BD20-4901-96D0-7E4AFB2CE803}.Release|iPhone.Build.0 = Release|iPhone
		{DC659AFF-BD20-4901-96D0-7E4AFB2CE803}.Release|iPhoneSimulator.ActiveCfg = Release|iPhoneSimulator
		{DC659AFF-BD20-4901-96D0-7E4AFB2CE803}.Release|iPhoneSimulator.Build.0 = Release|iPhoneSimulator
	EndGlobalSection
EndGlobal
