PODS:
  - MobileCenter (0.3.1):
    - MobileCenter/MobileCenterAnalytics (= 0.3.1)
    - MobileCenter/MobileCenterCrashes (= 0.3.1)
  - MobileCenter/MobileCenter (0.3.1)
  - MobileCenter/MobileCenterAnalytics (0.3.1):
    - MobileCenter/MobileCenter
  - MobileCenter/MobileCenterCrashes (0.3.1):
    - MobileCenter/MobileCenter

DEPENDENCIES:
  - MobileCenter

SPEC CHECKSUMS:
  MobileCenter: 7e497a76860eda316da3edcd62133bc030c3cc47

PODFILE CHECKSUM: e3615de94ed0dcb98b0686c167fb8e9022f553e1

COCOAPODS: 1.1.1
