// !$*UTF8*$!
{
	archiveVersion = 1;
	classes = {
	};
	objectVersion = 46;
	objects = {

/* Begin PBXBuildFile section */
		7D1D58FC1B616C9900D81064 /* StringWorker.cpp in Sources */ = {isa = PBXBuildFile; fileRef = 7D1D58FA1B616C9900D81064 /* StringWorker.cpp */; };
/* End PBXBuildFile section */

/* Begin PBXCopyFilesBuildPhase section */
		7D1D58E81B616C1D00D81064 /* CopyFiles */ = {
			isa = PBXCopyFilesBuildPhase;
			buildActionMask = 2147483647;
			dstPath = /usr/share/man/man1/;
			dstSubfolderSpec = 0;
			files = (
			);
			runOnlyForDeploymentPostprocessing = 1;
		};
/* End PBXCopyFilesBuildPhase section */

/* Begin PBXFileReference section */
		7D1D58EA1B616C1D00D81064 /* C++Project */ = {isa = PBXFileReference; explicitFileType = "compiled.mach-o.executable"; includeInIndex = 0; path = "C++Project"; sourceTree = BUILT_PRODUCTS_DIR; };
		7D1D58FA1B616C9900D81064 /* StringWorker.cpp */ = {isa = PBXFileReference; fileEncoding = 4; lastKnownFileType = sourcecode.cpp.cpp; path = StringWorker.cpp; sourceTree = "<group>"; };
		7D1D58FB1B616C9900D81064 /* StringWorker.h */ = {isa = PBXFileReference; fileEncoding = 4; lastKnownFileType = sourcecode.c.h; path = StringWorker.h; sourceTree = "<group>"; };
/* End PBXFileReference section */

/* Begin PBXFrameworksBuildPhase section */
		7D1D58E71B616C1D00D81064 /* Frameworks */ = {
			isa = PBXFrameworksBuildPhase;
			buildActionMask = 2147483647;
			files = (
			);
			runOnlyForDeploymentPostprocessing = 0;
		};
/* End PBXFrameworksBuildPhase section */

/* Begin PBXGroup section */
		7D1D58E11B616C1D00D81064 = {
			isa = PBXGroup;
			children = (
				7D1D58EC1B616C1D00D81064 /* C++Project */,
				7D1D58EB1B616C1D00D81064 /* Products */,
			);
			sourceTree = "<group>";
		};
		7D1D58EB1B616C1D00D81064 /* Products */ = {
			isa = PBXGroup;
			children = (
				7D1D58EA1B616C1D00D81064 /* C++Project */,
			);
			name = Products;
			sourceTree = "<group>";
		};
		7D1D58EC1B616C1D00D81064 /* C++Project */ = {
			isa = PBXGroup;
			children = (
				7D1D58FA1B616C9900D81064 /* StringWorker.cpp */,
				7D1D58FB1B616C9900D81064 /* StringWorker.h */,
			);
			path = "C++Project";
			sourceTree = "<group>";
		};
/* End PBXGroup section */

/* Begin PBXNativeTarget section */
		7D1D58E91B616C1D00D81064 /* C++Project */ = {
			isa = PBXNativeTarget;
			buildConfigurationList = 7D1D58F11B616C1D00D81064 /* Build configuration list for PBXNativeTarget "C++Project" */;
			buildPhases = (
				7D1D58E61B616C1D00D81064 /* Sources */,
				7D1D58E71B616C1D00D81064 /* Frameworks */,
				7D1D58E81B616C1D00D81064 /* CopyFiles */,
			);
			buildRules = (
			);
			dependencies = (
			);
			name = "C++Project";
			productName = "C++Project";
			productReference = 7D1D58EA1B616C1D00D81064 /* C++Project */;
			productType = "com.apple.product-type.tool";
		};
/* End PBXNativeTarget section */

/* Begin PBXProject section */
		7D1D58E21B616C1D00D81064 /* Project object */ = {
			isa = PBXProject;
			attributes = {
				LastUpgradeCheck = 0640;
				ORGANIZATIONNAME = "Xamarin Inc.";
				TargetAttributes = {
					7D1D58E91B616C1D00D81064 = {
						CreatedOnToolsVersion = 6.4;
					};
				};
			};
			buildConfigurationList = 7D1D58E51B616C1D00D81064 /* Build configuration list for PBXProject "C++Project" */;
			compatibilityVersion = "Xcode 3.2";
			developmentRegion = English;
			hasScannedForEncodings = 0;
			knownRegions = (
				en,
			);
			mainGroup = 7D1D58E11B616C1D00D81064;
			productRefGroup = 7D1D58EB1B616C1D00D81064 /* Products */;
			projectDirPath = "";
			projectRoot = "";
			targets = (
				7D1D58E91B616C1D00D81064 /* C++Project */,
			);
		};
/* End PBXProject section */

/* Begin PBXSourcesBuildPhase section */
		7D1D58E61B616C1D00D81064 /* Sources */ = {
			isa = PBXSourcesBuildPhase;
			buildActionMask = 2147483647;
			files = (
				7D1D58FC1B616C9900D81064 /* StringWorker.cpp in Sources */,
			);
			runOnlyForDeploymentPostprocessing = 0;
		};
/* End PBXSourcesBuildPhase section */

/* Begin XCBuildConfiguration section */
		7D1D58EF1B616C1D00D81064 /* Debug */ = {
			isa = XCBuildConfiguration;
			buildSettings = {
				ALWAYS_SEARCH_USER_PATHS = NO;
				CLANG_CXX_LANGUAGE_STANDARD = "gnu++0x";
				CLANG_CXX_LIBRARY = "libc++";
				CLANG_ENABLE_MODULES = YES;
				CLANG_ENABLE_OBJC_ARC = YES;
				CLANG_WARN_BOOL_CONVERSION = YES;
				CLANG_WARN_CONSTANT_CONVERSION = YES;
				CLANG_WARN_DIRECT_OBJC_ISA_USAGE = YES_ERROR;
				CLANG_WARN_EMPTY_BODY = YES;
				CLANG_WARN_ENUM_CONVERSION = YES;
				CLANG_WARN_INT_CONVERSION = YES;
				CLANG_WARN_OBJC_ROOT_CLASS = YES_ERROR;
				CLANG_WARN_UNREACHABLE_CODE = YES;
				CLANG_WARN__DUPLICATE_METHOD_MATCH = YES;
				COPY_PHASE_STRIP = NO;
				DEBUG_INFORMATION_FORMAT = dwarf;
				ENABLE_STRICT_OBJC_MSGSEND = YES;
				GCC_C_LANGUAGE_STANDARD = gnu99;
				GCC_DYNAMIC_NO_PIC = NO;
				GCC_NO_COMMON_BLOCKS = YES;
				GCC_OPTIMIZATION_LEVEL = 0;
				GCC_PREPROCESSOR_DEFINITIONS = (
					"DEBUG=1",
					"$(inherited)",
				);
				GCC_SYMBOLS_PRIVATE_EXTERN = NO;
				GCC_WARN_64_TO_32_BIT_CONVERSION = YES;
				GCC_WARN_ABOUT_RETURN_TYPE = YES_ERROR;
				GCC_WARN_UNDECLARED_SELECTOR = YES;
				GCC_WARN_UNINITIALIZED_AUTOS = YES_AGGRESSIVE;
				GCC_WARN_UNUSED_FUNCTION = YES;
				GCC_WARN_UNUSED_VARIABLE = YES;
				MACOSX_DEPLOYMENT_TARGET = 10.10;
				MTL_ENABLE_DEBUG_INFO = YES;
				ONLY_ACTIVE_ARCH = YES;
				SDKROOT = macosx;
				USER_HEADER_SEARCH_PATHS = "../../C++Project/C++Project/";
			};
			name = Debug;
		};
		7D1D58F01B616C1D00D81064 /* Release */ = {
			isa = XCBuildConfiguration;
			buildSettings = {
				ALWAYS_SEARCH_USER_PATHS = NO;
				CLANG_CXX_LANGUAGE_STANDARD = "gnu++0x";
				CLANG_CXX_LIBRARY = "libc++";
				CLANG_ENABLE_MODULES = YES;
				CLANG_ENABLE_OBJC_ARC = YES;
				CLANG_WARN_BOOL_CONVERSION = YES;
				CLANG_WARN_CONSTANT_CONVERSION = YES;
				CLANG_WARN_DIRECT_OBJC_ISA_USAGE = YES_ERROR;
				CLANG_WARN_EMPTY_BODY = YES;
				CLANG_WARN_ENUM_CONVERSION = YES;
				CLANG_WARN_INT_CONVERSION = YES;
				CLANG_WARN_OBJC_ROOT_CLASS = YES_ERROR;
				CLANG_WARN_UNREACHABLE_CODE = YES;
				CLANG_WARN__DUPLICATE_METHOD_MATCH = YES;
				COPY_PHASE_STRIP = NO;
				DEBUG_INFORMATION_FORMAT = "dwarf-with-dsym";
				ENABLE_NS_ASSERTIONS = NO;
				ENABLE_STRICT_OBJC_MSGSEND = YES;
				GCC_C_LANGUAGE_STANDARD = gnu99;
				GCC_NO_COMMON_BLOCKS = YES;
				GCC_WARN_64_TO_32_BIT_CONVERSION = YES;
				GCC_WARN_ABOUT_RETURN_TYPE = YES_ERROR;
				GCC_WARN_UNDECLARED_SELECTOR = YES;
				GCC_WARN_UNINITIALIZED_AUTOS = YES_AGGRESSIVE;
				GCC_WARN_UNUSED_FUNCTION = YES;
				GCC_WARN_UNUSED_VARIABLE = YES;
				MACOSX_DEPLOYMENT_TARGET = 10.10;
				MTL_ENABLE_DEBUG_INFO = NO;
				SDKROOT = macosx;
				USER_HEADER_SEARCH_PATHS = "../../C++Project/C++Project/";
			};
			name = Release;
		};
		7D1D58F21B616C1D00D81064 /* Debug */ = {
			isa = XCBuildConfiguration;
			buildSettings = {
				PRODUCT_NAME = "$(TARGET_NAME)";
				USER_HEADER_SEARCH_PATHS = "";
			};
			name = Debug;
		};
		7D1D58F31B616C1D00D81064 /* Release */ = {
			isa = XCBuildConfiguration;
			buildSettings = {
				PRODUCT_NAME = "$(TARGET_NAME)";
				USER_HEADER_SEARCH_PATHS = "";
			};
			name = Release;
		};
/* End XCBuildConfiguration section */

/* Begin XCConfigurationList section */
		7D1D58E51B616C1D00D81064 /* Build configuration list for PBXProject "C++Project" */ = {
			isa = XCConfigurationList;
			buildConfigurations = (
				7D1D58EF1B616C1D00D81064 /* Debug */,
				7D1D58F01B616C1D00D81064 /* Release */,
			);
			defaultConfigurationIsVisible = 0;
			defaultConfigurationName = Release;
		};
		7D1D58F11B616C1D00D81064 /* Build configuration list for PBXNativeTarget "C++Project" */ = {
			isa = XCConfigurationList;
			buildConfigurations = (
				7D1D58F21B616C1D00D81064 /* Debug */,
				7D1D58F31B616C1D00D81064 /* Release */,
			);
			defaultConfigurationIsVisible = 0;
			defaultConfigurationName = Release;
		};
/* End XCConfigurationList section */
	};
	rootObject = 7D1D58E21B616C1D00D81064 /* Project object */;
}
