
Microsoft Visual Studio Solution File, Format Version 12.00
# Visual Studio 2012
Project("{FAE04EC0-301F-11D3-BF4B-00C04F79EFBC}") = "ThatMesmerizingThing", "ThatMesmerizingThing\ThatMesmerizingThing.csproj", "{EAA37B03-66E9-4D60-89FB-4FD4AD4C0AAD}"
EndProject
Global
	GlobalSection(SolutionConfigurationPlatforms) = preSolution
		Debug|iPhoneSimulator = Debug|iPhoneSimulator
		Release|iPhone = Release|iPhone
		Release|iPhoneSimulator = Release|iPhoneSimulator
		Debug|iPhone = Debug|iPhone
		Debug|Any CPU = Debug|Any CPU
		Release|Any CPU = Release|Any CPU
	EndGlobalSection
	GlobalSection(ProjectConfigurationPlatforms) = postSolution
		{EAA37B03-66E9-4D60-89FB-4FD4AD4C0AAD}.Debug|Any CPU.ActiveCfg = Debug|iPhoneSimulator
		{EAA37B03-66E9-4D60-89FB-4FD4AD4C0AAD}.Debug|Any CPU.Build.0 = Debug|iPhoneSimulator
		{EAA37B03-66E9-4D60-89FB-4FD4AD4C0AAD}.Debug|iPhone.ActiveCfg = Debug|iPhone
		{EAA37B03-66E9-4D60-89FB-4FD4AD4C0AAD}.Debug|iPhone.Build.0 = Debug|iPhone
		{EAA37B03-66E9-4D60-89FB-4FD4AD4C0AAD}.Debug|iPhoneSimulator.ActiveCfg = Debug|iPhoneSimulator
		{EAA37B03-66E9-4D60-89FB-4FD4AD4C0AAD}.Debug|iPhoneSimulator.Build.0 = Debug|iPhoneSimulator
		{EAA37B03-66E9-4D60-89FB-4FD4AD4C0AAD}.Release|Any CPU.ActiveCfg = Release|iPhone
		{EAA37B03-66E9-4D60-89FB-4FD4AD4C0AAD}.Release|Any CPU.Build.0 = Release|iPhone
		{EAA37B03-66E9-4D60-89FB-4FD4AD4C0AAD}.Release|iPhone.ActiveCfg = Release|iPhone
		{EAA37B03-66E9-4D60-89FB-4FD4AD4C0AAD}.Release|iPhone.Build.0 = Release|iPhone
		{EAA37B03-66E9-4D60-89FB-4FD4AD4C0AAD}.Release|iPhoneSimulator.ActiveCfg = Release|iPhoneSimulator
		{EAA37B03-66E9-4D60-89FB-4FD4AD4C0AAD}.Release|iPhoneSimulator.Build.0 = Release|iPhoneSimulator
	EndGlobalSection
EndGlobal
