
Microsoft Visual Studio Solution File, Format Version 12.00
# Visual Studio 2012
Project("{FAE04EC0-301F-11D3-BF4B-00C04F79EFBC}") = "ScanTest", "ScanTest\ScanTest.csproj", "{C5272229-0BFF-429D-83ED-BA7D3CEBF37E}"
EndProject
Global
	GlobalSection(SolutionConfigurationPlatforms) = preSolution
		Debug|iPhoneSimulator = Debug|iPhoneSimulator
		Release|iPhoneSimulator = Release|iPhoneSimulator
		Debug|iPhone = Debug|iPhone
		Release|iPhone = Release|iPhone
		Ad-Hoc|iPhone = Ad-Hoc|iPhone
		AppStore|iPhone = AppStore|iPhone
	EndGlobalSection
	GlobalSection(ProjectConfigurationPlatforms) = postSolution
		{C5272229-0BFF-429D-83ED-BA7D3CEBF37E}.Ad-Hoc|iPhone.ActiveCfg = Ad-Hoc|iPhone
		{C5272229-0BFF-429D-83ED-BA7D3CEBF37E}.Ad-Hoc|iPhone.Build.0 = Ad-Hoc|iPhone
		{C5272229-0BFF-429D-83ED-BA7D3CEBF37E}.AppStore|iPhone.ActiveCfg = AppStore|iPhone
		{C5272229-0BFF-429D-83ED-BA7D3CEBF37E}.AppStore|iPhone.Build.0 = AppStore|iPhone
		{C5272229-0BFF-429D-83ED-BA7D3CEBF37E}.Debug|iPhone.ActiveCfg = Debug|iPhone
		{C5272229-0BFF-429D-83ED-BA7D3CEBF37E}.Debug|iPhone.Build.0 = Debug|iPhone
		{C5272229-0BFF-429D-83ED-BA7D3CEBF37E}.Debug|iPhoneSimulator.ActiveCfg = Debug|iPhoneSimulator
		{C5272229-0BFF-429D-83ED-BA7D3CEBF37E}.Debug|iPhoneSimulator.Build.0 = Debug|iPhoneSimulator
		{C5272229-0BFF-429D-83ED-BA7D3CEBF37E}.Release|iPhone.ActiveCfg = Release|iPhone
		{C5272229-0BFF-429D-83ED-BA7D3CEBF37E}.Release|iPhone.Build.0 = Release|iPhone
		{C5272229-0BFF-429D-83ED-BA7D3CEBF37E}.Release|iPhoneSimulator.ActiveCfg = Release|iPhoneSimulator
		{C5272229-0BFF-429D-83ED-BA7D3CEBF37E}.Release|iPhoneSimulator.Build.0 = Release|iPhoneSimulator
	EndGlobalSection
EndGlobal
