
Microsoft Visual Studio Solution File, Format Version 12.00
# Visual Studio 2012
Project("{FAE04EC0-301F-11D3-BF4B-00C04F79EFBC}") = "TinderesqSwipe", "TinderesqSwipe\TinderesqSwipe.csproj", "{10E6BE2A-92B3-4616-96F8-DEB096FB0DAA}"
EndProject
Global
	GlobalSection(SolutionConfigurationPlatforms) = preSolution
		Debug|iPhoneSimulator = Debug|iPhoneSimulator
		Release|iPhoneSimulator = Release|iPhoneSimulator
		Debug|iPhone = Debug|iPhone
		Release|iPhone = Release|iPhone
		Ad-Hoc|iPhone = Ad-Hoc|iPhone
		AppStore|iPhone = AppStore|iPhone
	EndGlobalSection
	GlobalSection(ProjectConfigurationPlatforms) = postSolution
		{10E6BE2A-92B3-4616-96F8-DEB096FB0DAA}.Ad-Hoc|iPhone.ActiveCfg = Ad-Hoc|iPhone
		{10E6BE2A-92B3-4616-96F8-DEB096FB0DAA}.Ad-Hoc|iPhone.Build.0 = Ad-Hoc|iPhone
		{10E6BE2A-92B3-4616-96F8-DEB096FB0DAA}.AppStore|iPhone.ActiveCfg = AppStore|iPhone
		{10E6BE2A-92B3-4616-96F8-DEB096FB0DAA}.AppStore|iPhone.Build.0 = AppStore|iPhone
		{10E6BE2A-92B3-4616-96F8-DEB096FB0DAA}.Debug|iPhone.ActiveCfg = Debug|iPhone
		{10E6BE2A-92B3-4616-96F8-DEB096FB0DAA}.Debug|iPhone.Build.0 = Debug|iPhone
		{10E6BE2A-92B3-4616-96F8-DEB096FB0DAA}.Debug|iPhoneSimulator.ActiveCfg = Debug|iPhoneSimulator
		{10E6BE2A-92B3-4616-96F8-DEB096FB0DAA}.Debug|iPhoneSimulator.Build.0 = Debug|iPhoneSimulator
		{10E6BE2A-92B3-4616-96F8-DEB096FB0DAA}.Release|iPhone.ActiveCfg = Release|iPhone
		{10E6BE2A-92B3-4616-96F8-DEB096FB0DAA}.Release|iPhone.Build.0 = Release|iPhone
		{10E6BE2A-92B3-4616-96F8-DEB096FB0DAA}.Release|iPhoneSimulator.ActiveCfg = Release|iPhoneSimulator
		{10E6BE2A-92B3-4616-96F8-DEB096FB0DAA}.Release|iPhoneSimulator.Build.0 = Release|iPhoneSimulator
	EndGlobalSection
EndGlobal
