
Microsoft Visual Studio Solution File, Format Version 11.00
# Visual Studio 2010
Project("{FAE04EC0-301F-11D3-BF4B-00C04F79EFBC}") = "LocationUpdateTest", "LocationUpdateTest.csproj", "{DF2ADBA0-9BDD-47C4-A689-73F88C9F50DA}"
EndProject
Global
	GlobalSection(SolutionConfigurationPlatforms) = preSolution
		Debug|Any CPU = Debug|Any CPU
		Release|Any CPU = Release|Any CPU
	EndGlobalSection
	GlobalSection(ProjectConfigurationPlatforms) = postSolution
		{DF2ADBA0-9BDD-47C4-A689-73F88C9F50DA}.Debug|Any CPU.ActiveCfg = Debug|Any CPU
		{DF2ADBA0-9BDD-47C4-A689-73F88C9F50DA}.Debug|Any CPU.Build.0 = Debug|Any CPU
		{DF2ADBA0-9BDD-47C4-A689-73F88C9F50DA}.Release|Any CPU.ActiveCfg = Release|Any CPU
		{DF2ADBA0-9BDD-47C4-A689-73F88C9F50DA}.Release|Any CPU.Build.0 = Release|Any CPU
	EndGlobalSection
EndGlobal
