
Microsoft Visual Studio Solution File, Format Version 12.00
# Visual Studio 2012
Project("{FAE04EC0-301F-11D3-BF4B-00C04F79EFBC}") = "AppScreenSize", "AppScreenSize\AppScreenSize.csproj", "{B795AD4D-BA06-4EF3-A072-2AB4C4EC39DB}"
EndProject
Project("{FAE04EC0-301F-11D3-BF4B-00C04F79EFBC}") = "AppScreenSize.iOS", "iOS\AppScreenSize.iOS.csproj", "{DA79E06C-7189-4141-9697-9E5398B080A3}"
EndProject
Project("{FAE04EC0-301F-11D3-BF4B-00C04F79EFBC}") = "AppScreenSize.Droid", "Droid\AppScreenSize.Droid.csproj", "{6651B261-4869-4580-8D9E-50F7E4EA9E1B}"
EndProject
Global
	GlobalSection(SolutionConfigurationPlatforms) = preSolution
		Debug|Any CPU = Debug|Any CPU
		Release|Any CPU = Release|Any CPU
		Debug|iPhoneSimulator = Debug|iPhoneSimulator
		Release|iPhoneSimulator = Release|iPhoneSimulator
		Debug|iPhone = Debug|iPhone
		Release|iPhone = Release|iPhone
		Ad-Hoc|iPhone = Ad-Hoc|iPhone
		AppStore|iPhone = AppStore|iPhone
	EndGlobalSection
	GlobalSection(ProjectConfigurationPlatforms) = postSolution
		{6651B261-4869-4580-8D9E-50F7E4EA9E1B}.Ad-Hoc|iPhone.ActiveCfg = Release|Any CPU
		{6651B261-4869-4580-8D9E-50F7E4EA9E1B}.Ad-Hoc|iPhone.Build.0 = Release|Any CPU
		{6651B261-4869-4580-8D9E-50F7E4EA9E1B}.AppStore|iPhone.ActiveCfg = Release|Any CPU
		{6651B261-4869-4580-8D9E-50F7E4EA9E1B}.AppStore|iPhone.Build.0 = Release|Any CPU
		{6651B261-4869-4580-8D9E-50F7E4EA9E1B}.Debug|Any CPU.ActiveCfg = Debug|Any CPU
		{6651B261-4869-4580-8D9E-50F7E4EA9E1B}.Debug|Any CPU.Build.0 = Debug|Any CPU
		{6651B261-4869-4580-8D9E-50F7E4EA9E1B}.Debug|iPhone.ActiveCfg = Debug|Any CPU
		{6651B261-4869-4580-8D9E-50F7E4EA9E1B}.Debug|iPhone.Build.0 = Debug|Any CPU
		{6651B261-4869-4580-8D9E-50F7E4EA9E1B}.Debug|iPhoneSimulator.ActiveCfg = Debug|Any CPU
		{6651B261-4869-4580-8D9E-50F7E4EA9E1B}.Debug|iPhoneSimulator.Build.0 = Debug|Any CPU
		{6651B261-4869-4580-8D9E-50F7E4EA9E1B}.Release|Any CPU.ActiveCfg = Release|Any CPU
		{6651B261-4869-4580-8D9E-50F7E4EA9E1B}.Release|Any CPU.Build.0 = Release|Any CPU
		{6651B261-4869-4580-8D9E-50F7E4EA9E1B}.Release|iPhone.ActiveCfg = Release|Any CPU
		{6651B261-4869-4580-8D9E-50F7E4EA9E1B}.Release|iPhone.Build.0 = Release|Any CPU
		{6651B261-4869-4580-8D9E-50F7E4EA9E1B}.Release|iPhoneSimulator.ActiveCfg = Release|Any CPU
		{6651B261-4869-4580-8D9E-50F7E4EA9E1B}.Release|iPhoneSimulator.Build.0 = Release|Any CPU
		{B795AD4D-BA06-4EF3-A072-2AB4C4EC39DB}.Ad-Hoc|iPhone.ActiveCfg = Debug|Any CPU
		{B795AD4D-BA06-4EF3-A072-2AB4C4EC39DB}.Ad-Hoc|iPhone.Build.0 = Debug|Any CPU
		{B795AD4D-BA06-4EF3-A072-2AB4C4EC39DB}.AppStore|iPhone.ActiveCfg = Debug|Any CPU
		{B795AD4D-BA06-4EF3-A072-2AB4C4EC39DB}.AppStore|iPhone.Build.0 = Debug|Any CPU
		{B795AD4D-BA06-4EF3-A072-2AB4C4EC39DB}.Debug|Any CPU.ActiveCfg = Debug|Any CPU
		{B795AD4D-BA06-4EF3-A072-2AB4C4EC39DB}.Debug|Any CPU.Build.0 = Debug|Any CPU
		{B795AD4D-BA06-4EF3-A072-2AB4C4EC39DB}.Debug|iPhone.ActiveCfg = Debug|Any CPU
		{B795AD4D-BA06-4EF3-A072-2AB4C4EC39DB}.Debug|iPhone.Build.0 = Debug|Any CPU
		{B795AD4D-BA06-4EF3-A072-2AB4C4EC39DB}.Debug|iPhoneSimulator.ActiveCfg = Debug|Any CPU
		{B795AD4D-BA06-4EF3-A072-2AB4C4EC39DB}.Debug|iPhoneSimulator.Build.0 = Debug|Any CPU
		{B795AD4D-BA06-4EF3-A072-2AB4C4EC39DB}.Release|Any CPU.ActiveCfg = Release|Any CPU
		{B795AD4D-BA06-4EF3-A072-2AB4C4EC39DB}.Release|Any CPU.Build.0 = Release|Any CPU
		{B795AD4D-BA06-4EF3-A072-2AB4C4EC39DB}.Release|iPhone.ActiveCfg = Release|Any CPU
		{B795AD4D-BA06-4EF3-A072-2AB4C4EC39DB}.Release|iPhone.Build.0 = Release|Any CPU
		{B795AD4D-BA06-4EF3-A072-2AB4C4EC39DB}.Release|iPhoneSimulator.ActiveCfg = Release|Any CPU
		{B795AD4D-BA06-4EF3-A072-2AB4C4EC39DB}.Release|iPhoneSimulator.Build.0 = Release|Any CPU
		{DA79E06C-7189-4141-9697-9E5398B080A3}.Ad-Hoc|iPhone.ActiveCfg = Ad-Hoc|iPhone
		{DA79E06C-7189-4141-9697-9E5398B080A3}.Ad-Hoc|iPhone.Build.0 = Ad-Hoc|iPhone
		{DA79E06C-7189-4141-9697-9E5398B080A3}.AppStore|iPhone.ActiveCfg = AppStore|iPhone
		{DA79E06C-7189-4141-9697-9E5398B080A3}.AppStore|iPhone.Build.0 = AppStore|iPhone
		{DA79E06C-7189-4141-9697-9E5398B080A3}.Debug|Any CPU.ActiveCfg = Debug|iPhoneSimulator
		{DA79E06C-7189-4141-9697-9E5398B080A3}.Debug|Any CPU.Build.0 = Debug|iPhoneSimulator
		{DA79E06C-7189-4141-9697-9E5398B080A3}.Debug|iPhone.ActiveCfg = Debug|iPhone
		{DA79E06C-7189-4141-9697-9E5398B080A3}.Debug|iPhone.Build.0 = Debug|iPhone
		{DA79E06C-7189-4141-9697-9E5398B080A3}.Debug|iPhoneSimulator.ActiveCfg = Debug|iPhoneSimulator
		{DA79E06C-7189-4141-9697-9E5398B080A3}.Debug|iPhoneSimulator.Build.0 = Debug|iPhoneSimulator
		{DA79E06C-7189-4141-9697-9E5398B080A3}.Release|Any CPU.ActiveCfg = Release|iPhoneSimulator
		{DA79E06C-7189-4141-9697-9E5398B080A3}.Release|Any CPU.Build.0 = Release|iPhoneSimulator
		{DA79E06C-7189-4141-9697-9E5398B080A3}.Release|iPhone.ActiveCfg = Release|iPhone
		{DA79E06C-7189-4141-9697-9E5398B080A3}.Release|iPhone.Build.0 = Release|iPhone
		{DA79E06C-7189-4141-9697-9E5398B080A3}.Release|iPhoneSimulator.ActiveCfg = Release|iPhoneSimulator
		{DA79E06C-7189-4141-9697-9E5398B080A3}.Release|iPhoneSimulator.Build.0 = Release|iPhoneSimulator
	EndGlobalSection
EndGlobal
